
Microsoft Visual Studio Solution File, Format Version 12.00
# Visual Studio Version 17
VisualStudioVersion = 17.0.32112.339
MinimumVisualStudioVersion = 10.0.40219.1
Project("{FAE04EC0-301F-11D3-BF4B-00C04F79EFBC}") = "GreenMonkey.Api", "GreenMonkey.Api\GreenMonkey.Api.csproj", "{75DCB721-0F10-4567-9683-0BD11E2637C0}"
EndProject
Project("{FAE04EC0-301F-11D3-BF4B-00C04F79EFBC}") = "GreenMonkey.Dtos", "GreenMonkey.Dtos\GreenMonkey.Dtos.csproj", "{0C8497E2-D4FC-47DF-BA2C-D1D5DF066915}"
EndProject
Project("{FAE04EC0-301F-11D3-BF4B-00C04F79EFBC}") = "GreenMonkey.DataAccess", "GreenMonkey.DataAccess\GreenMonkey.DataAccess.csproj", "{36B32EEF-FDBF-4A8F-8C90-69149A158CF8}"
EndProject
Global
	GlobalSection(SolutionConfigurationPlatforms) = preSolution
		Debug|Any CPU = Debug|Any CPU
		Release|Any CPU = Release|Any CPU
	EndGlobalSection
	GlobalSection(ProjectConfigurationPlatforms) = postSolution
		{75DCB721-0F10-4567-9683-0BD11E2637C0}.Debug|Any CPU.ActiveCfg = Debug|Any CPU
		{75DCB721-0F10-4567-9683-0BD11E2637C0}.Debug|Any CPU.Build.0 = Debug|Any CPU
		{75DCB721-0F10-4567-9683-0BD11E2637C0}.Release|Any CPU.ActiveCfg = Release|Any CPU
		{75DCB721-0F10-4567-9683-0BD11E2637C0}.Release|Any CPU.Build.0 = Release|Any CPU
		{0C8497E2-D4FC-47DF-BA2C-D1D5DF066915}.Debug|Any CPU.ActiveCfg = Debug|Any CPU
		{0C8497E2-D4FC-47DF-BA2C-D1D5DF066915}.Debug|Any CPU.Build.0 = Debug|Any CPU
		{0C8497E2-D4FC-47DF-BA2C-D1D5DF066915}.Release|Any CPU.ActiveCfg = Release|Any CPU
		{0C8497E2-D4FC-47DF-BA2C-D1D5DF066915}.Release|Any CPU.Build.0 = Release|Any CPU
		{36B32EEF-FDBF-4A8F-8C90-69149A158CF8}.Debug|Any CPU.ActiveCfg = Debug|Any CPU
		{36B32EEF-FDBF-4A8F-8C90-69149A158CF8}.Debug|Any CPU.Build.0 = Debug|Any CPU
		{36B32EEF-FDBF-4A8F-8C90-69149A158CF8}.Release|Any CPU.ActiveCfg = Release|Any CPU
		{36B32EEF-FDBF-4A8F-8C90-69149A158CF8}.Release|Any CPU.Build.0 = Release|Any CPU
	EndGlobalSection
	GlobalSection(SolutionProperties) = preSolution
		HideSolutionNode = FALSE
	EndGlobalSection
	GlobalSection(ExtensibilityGlobals) = postSolution
		SolutionGuid = {185FE581-CFB8-42A3-9CB7-E2B14E8AC0A2}
	EndGlobalSection
EndGlobal
